
Microsoft Visual Studio Solution File, Format Version 12.00
# Visual Studio Version 16
VisualStudioVersion = 16.0.30320.27
MinimumVisualStudioVersion = 10.0.40219.1
Project("{FAE04EC0-301F-11D3-BF4B-00C04F79EFBC}") = "TeaStore.UI", "TeaStore.UI\TeaStore.UI.csproj", "{57462259-A6B3-4DDB-A03A-D7059FE369A5}"
EndProject
Global
	GlobalSection(SolutionConfigurationPlatforms) = preSolution
		Debug|Any CPU = Debug|Any CPU
		Release|Any CPU = Release|Any CPU
	EndGlobalSection
	GlobalSection(ProjectConfigurationPlatforms) = postSolution
		{57462259-A6B3-4DDB-A03A-D7059FE369A5}.Debug|Any CPU.ActiveCfg = Debug|Any CPU
		{57462259-A6B3-4DDB-A03A-D7059FE369A5}.Debug|Any CPU.Build.0 = Debug|Any CPU
		{57462259-A6B3-4DDB-A03A-D7059FE369A5}.Release|Any CPU.ActiveCfg = Release|Any CPU
		{57462259-A6B3-4DDB-A03A-D7059FE369A5}.Release|Any CPU.Build.0 = Release|Any CPU
	EndGlobalSection
	GlobalSection(SolutionProperties) = preSolution
		HideSolutionNode = FALSE
	EndGlobalSection
	GlobalSection(ExtensibilityGlobals) = postSolution
		SolutionGuid = {33A0C1FA-9382-43AB-A2A4-03821A67F331}
	EndGlobalSection
EndGlobal
